
Microsoft Visual Studio Solution File, Format Version 12.00
# Visual Studio Version 17
VisualStudioVersion = 17.9.34902.65
MinimumVisualStudioVersion = 10.0.40219.1
Project("{9A19103F-16F7-4668-BE54-9A1E7A4F7556}") = "StackAlgorithm", "StackAlgorithm\StackAlgorithm.csproj", "{A90CBFCC-C7FA-462D-ADF7-F0E595299606}"
EndProject
Project("{9A19103F-16F7-4668-BE54-9A1E7A4F7556}") = "QueueAlgorithm", "QueueAlgorithm\QueueAlgorithm.csproj", "{447DDE08-0203-4D3E-973C-547A328B969A}"
EndProject
Project("{9A19103F-16F7-4668-BE54-9A1E7A4F7556}") = "PriorityQueuesAlgorithm", "PriorityQueuesAlgorithm\PriorityQueuesAlgorithm.csproj", "{52E3FC55-E7AB-4217-9ABD-52CF54442BCC}"
EndProject
Project("{9A19103F-16F7-4668-BE54-9A1E7A4F7556}") = "LinkedLists", "LinkedLists\LinkedLists.csproj", "{C0E1ABD4-7E61-473A-83D3-D0634652BFF0}"
EndProject
Project("{9A19103F-16F7-4668-BE54-9A1E7A4F7556}") = "DynamicArrays", "DynamicArrays\DynamicArrays.csproj", "{04E5635B-78A8-4851-B02E-D20087287E6A}"
EndProject
Project("{9A19103F-16F7-4668-BE54-9A1E7A4F7556}") = "LinkedLists&ArrayLists", "LinkedLists&ArrayLists\LinkedLists&ArrayLists.csproj", "{FFC7E0F5-671B-4A00-B888-4EEC0C75FE2D}"
EndProject
Project("{9A19103F-16F7-4668-BE54-9A1E7A4F7556}") = "LinearSearchAlgorithm", "LinearSearchAlgorithm\LinearSearchAlgorithm.csproj", "{BA11AE19-22EA-4CF3-8BCF-FB007D0CB9CA}"
EndProject
Project("{9A19103F-16F7-4668-BE54-9A1E7A4F7556}") = "BinarySearchAlgorithm", "BinarySearchAlgorithm\BinarySearchAlgorithm.csproj", "{B0372772-7E45-43E2-86A7-3AC19662B4C8}"
EndProject
Project("{FAE04EC0-301F-11D3-BF4B-00C04F79EFBC}") = "InterpolationSearch", "InterpolationSearch\InterpolationSearch.csproj", "{DE4C302D-D720-4420-B783-69D654697A44}"
EndProject
Project("{FAE04EC0-301F-11D3-BF4B-00C04F79EFBC}") = "BubbleSortAlgorithm", "BubbleSortAlgorithm\BubbleSortAlgorithm.csproj", "{071143F6-970C-4264-9CA1-2BAD8C4061DF}"
EndProject
Project("{FAE04EC0-301F-11D3-BF4B-00C04F79EFBC}") = "SelectionSortAlgorithm", "SelectionSortAlgorithm\SelectionSortAlgorithm.csproj", "{2DD3791E-3DD8-44E0-9CA6-1E27A43574A6}"
EndProject
Project("{FAE04EC0-301F-11D3-BF4B-00C04F79EFBC}") = "InsertionSortAlgorithm", "InsertionSortAlgorithm\InsertionSortAlgorithm.csproj", "{4C66AFF6-5250-4E8C-ABC1-36AAD3BD5BCE}"
EndProject
Global
	GlobalSection(SolutionConfigurationPlatforms) = preSolution
		Debug|Any CPU = Debug|Any CPU
		Release|Any CPU = Release|Any CPU
	EndGlobalSection
	GlobalSection(ProjectConfigurationPlatforms) = postSolution
		{A90CBFCC-C7FA-462D-ADF7-F0E595299606}.Debug|Any CPU.ActiveCfg = Debug|Any CPU
		{A90CBFCC-C7FA-462D-ADF7-F0E595299606}.Debug|Any CPU.Build.0 = Debug|Any CPU
		{A90CBFCC-C7FA-462D-ADF7-F0E595299606}.Release|Any CPU.ActiveCfg = Release|Any CPU
		{A90CBFCC-C7FA-462D-ADF7-F0E595299606}.Release|Any CPU.Build.0 = Release|Any CPU
		{447DDE08-0203-4D3E-973C-547A328B969A}.Debug|Any CPU.ActiveCfg = Debug|Any CPU
		{447DDE08-0203-4D3E-973C-547A328B969A}.Debug|Any CPU.Build.0 = Debug|Any CPU
		{447DDE08-0203-4D3E-973C-547A328B969A}.Release|Any CPU.ActiveCfg = Release|Any CPU
		{447DDE08-0203-4D3E-973C-547A328B969A}.Release|Any CPU.Build.0 = Release|Any CPU
		{52E3FC55-E7AB-4217-9ABD-52CF54442BCC}.Debug|Any CPU.ActiveCfg = Debug|Any CPU
		{52E3FC55-E7AB-4217-9ABD-52CF54442BCC}.Debug|Any CPU.Build.0 = Debug|Any CPU
		{52E3FC55-E7AB-4217-9ABD-52CF54442BCC}.Release|Any CPU.ActiveCfg = Release|Any CPU
		{52E3FC55-E7AB-4217-9ABD-52CF54442BCC}.Release|Any CPU.Build.0 = Release|Any CPU
		{C0E1ABD4-7E61-473A-83D3-D0634652BFF0}.Debug|Any CPU.ActiveCfg = Debug|Any CPU
		{C0E1ABD4-7E61-473A-83D3-D0634652BFF0}.Debug|Any CPU.Build.0 = Debug|Any CPU
		{C0E1ABD4-7E61-473A-83D3-D0634652BFF0}.Release|Any CPU.ActiveCfg = Release|Any CPU
		{C0E1ABD4-7E61-473A-83D3-D0634652BFF0}.Release|Any CPU.Build.0 = Release|Any CPU
		{04E5635B-78A8-4851-B02E-D20087287E6A}.Debug|Any CPU.ActiveCfg = Debug|Any CPU
		{04E5635B-78A8-4851-B02E-D20087287E6A}.Debug|Any CPU.Build.0 = Debug|Any CPU
		{04E5635B-78A8-4851-B02E-D20087287E6A}.Release|Any CPU.ActiveCfg = Release|Any CPU
		{04E5635B-78A8-4851-B02E-D20087287E6A}.Release|Any CPU.Build.0 = Release|Any CPU
		{FFC7E0F5-671B-4A00-B888-4EEC0C75FE2D}.Debug|Any CPU.ActiveCfg = Debug|Any CPU
		{FFC7E0F5-671B-4A00-B888-4EEC0C75FE2D}.Debug|Any CPU.Build.0 = Debug|Any CPU
		{FFC7E0F5-671B-4A00-B888-4EEC0C75FE2D}.Release|Any CPU.ActiveCfg = Release|Any CPU
		{FFC7E0F5-671B-4A00-B888-4EEC0C75FE2D}.Release|Any CPU.Build.0 = Release|Any CPU
		{BA11AE19-22EA-4CF3-8BCF-FB007D0CB9CA}.Debug|Any CPU.ActiveCfg = Debug|Any CPU
		{BA11AE19-22EA-4CF3-8BCF-FB007D0CB9CA}.Debug|Any CPU.Build.0 = Debug|Any CPU
		{BA11AE19-22EA-4CF3-8BCF-FB007D0CB9CA}.Release|Any CPU.ActiveCfg = Release|Any CPU
		{BA11AE19-22EA-4CF3-8BCF-FB007D0CB9CA}.Release|Any CPU.Build.0 = Release|Any CPU
		{B0372772-7E45-43E2-86A7-3AC19662B4C8}.Debug|Any CPU.ActiveCfg = Debug|Any CPU
		{B0372772-7E45-43E2-86A7-3AC19662B4C8}.Debug|Any CPU.Build.0 = Debug|Any CPU
		{B0372772-7E45-43E2-86A7-3AC19662B4C8}.Release|Any CPU.ActiveCfg = Release|Any CPU
		{B0372772-7E45-43E2-86A7-3AC19662B4C8}.Release|Any CPU.Build.0 = Release|Any CPU
		{DE4C302D-D720-4420-B783-69D654697A44}.Debug|Any CPU.ActiveCfg = Debug|Any CPU
		{DE4C302D-D720-4420-B783-69D654697A44}.Debug|Any CPU.Build.0 = Debug|Any CPU
		{DE4C302D-D720-4420-B783-69D654697A44}.Release|Any CPU.ActiveCfg = Release|Any CPU
		{DE4C302D-D720-4420-B783-69D654697A44}.Release|Any CPU.Build.0 = Release|Any CPU
		{071143F6-970C-4264-9CA1-2BAD8C4061DF}.Debug|Any CPU.ActiveCfg = Debug|Any CPU
		{071143F6-970C-4264-9CA1-2BAD8C4061DF}.Debug|Any CPU.Build.0 = Debug|Any CPU
		{071143F6-970C-4264-9CA1-2BAD8C4061DF}.Release|Any CPU.ActiveCfg = Release|Any CPU
		{071143F6-970C-4264-9CA1-2BAD8C4061DF}.Release|Any CPU.Build.0 = Release|Any CPU
		{2DD3791E-3DD8-44E0-9CA6-1E27A43574A6}.Debug|Any CPU.ActiveCfg = Debug|Any CPU
		{2DD3791E-3DD8-44E0-9CA6-1E27A43574A6}.Debug|Any CPU.Build.0 = Debug|Any CPU
		{2DD3791E-3DD8-44E0-9CA6-1E27A43574A6}.Release|Any CPU.ActiveCfg = Release|Any CPU
		{2DD3791E-3DD8-44E0-9CA6-1E27A43574A6}.Release|Any CPU.Build.0 = Release|Any CPU
		{4C66AFF6-5250-4E8C-ABC1-36AAD3BD5BCE}.Debug|Any CPU.ActiveCfg = Debug|Any CPU
		{4C66AFF6-5250-4E8C-ABC1-36AAD3BD5BCE}.Debug|Any CPU.Build.0 = Debug|Any CPU
		{4C66AFF6-5250-4E8C-ABC1-36AAD3BD5BCE}.Release|Any CPU.ActiveCfg = Release|Any CPU
		{4C66AFF6-5250-4E8C-ABC1-36AAD3BD5BCE}.Release|Any CPU.Build.0 = Release|Any CPU
	EndGlobalSection
	GlobalSection(SolutionProperties) = preSolution
		HideSolutionNode = FALSE
	EndGlobalSection
	GlobalSection(ExtensibilityGlobals) = postSolution
		SolutionGuid = {6A058D08-3E85-471C-A448-0057069E7B55}
	EndGlobalSection
EndGlobal
